
Microsoft Visual Studio Solution File, Format Version 12.00
# Visual Studio Version 16
VisualStudioVersion = 16.0.29613.14
MinimumVisualStudioVersion = 10.0.40219.1
Project("{9A19103F-16F7-4668-BE54-9A1E7A4F7556}") = "tds 10", "tds 10.csproj", "{F66EFD07-2903-4573-A79B-9EE59D843B82}"
EndProject
Project("{FAE04EC0-301F-11D3-BF4B-00C04F79EFBC}") = "DAL", "..\DAL\DAL.csproj", "{C9B9E94D-FAFC-403C-9F51-E39E72BCFECE}"
EndProject
Project("{FAE04EC0-301F-11D3-BF4B-00C04F79EFBC}") = "DAL.Tests", "..\DAL.Tests\DAL.Tests.csproj", "{357B4956-A583-4C93-82FD-A72E8BA063F3}"
EndProject
Global
	GlobalSection(SolutionConfigurationPlatforms) = preSolution
		Debug|Any CPU = Debug|Any CPU
		Release|Any CPU = Release|Any CPU
	EndGlobalSection
	GlobalSection(ProjectConfigurationPlatforms) = postSolution
		{F66EFD07-2903-4573-A79B-9EE59D843B82}.Debug|Any CPU.ActiveCfg = Debug|Any CPU
		{F66EFD07-2903-4573-A79B-9EE59D843B82}.Debug|Any CPU.Build.0 = Debug|Any CPU
		{F66EFD07-2903-4573-A79B-9EE59D843B82}.Release|Any CPU.ActiveCfg = Release|Any CPU
		{F66EFD07-2903-4573-A79B-9EE59D843B82}.Release|Any CPU.Build.0 = Release|Any CPU
		{C9B9E94D-FAFC-403C-9F51-E39E72BCFECE}.Debug|Any CPU.ActiveCfg = Debug|Any CPU
		{C9B9E94D-FAFC-403C-9F51-E39E72BCFECE}.Debug|Any CPU.Build.0 = Debug|Any CPU
		{C9B9E94D-FAFC-403C-9F51-E39E72BCFECE}.Release|Any CPU.ActiveCfg = Release|Any CPU
		{C9B9E94D-FAFC-403C-9F51-E39E72BCFECE}.Release|Any CPU.Build.0 = Release|Any CPU
		{357B4956-A583-4C93-82FD-A72E8BA063F3}.Debug|Any CPU.ActiveCfg = Debug|Any CPU
		{357B4956-A583-4C93-82FD-A72E8BA063F3}.Debug|Any CPU.Build.0 = Debug|Any CPU
		{357B4956-A583-4C93-82FD-A72E8BA063F3}.Release|Any CPU.ActiveCfg = Release|Any CPU
		{357B4956-A583-4C93-82FD-A72E8BA063F3}.Release|Any CPU.Build.0 = Release|Any CPU
	EndGlobalSection
	GlobalSection(SolutionProperties) = preSolution
		HideSolutionNode = FALSE
	EndGlobalSection
	GlobalSection(ExtensibilityGlobals) = postSolution
		SolutionGuid = {4FF4A7D4-FF26-4319-A906-92890BA49D5D}
	EndGlobalSection
EndGlobal
